{
  "requires": true,
  "lockfileVersion": 1,
  "dependencies": {
    "js_tutorial_palindrome": {
      "version": "0.1.0",
      "resolved": "https://registry.npmjs.org/js_tutorial_palindrome/-/js_tutorial_palindrome-0.1.0.tgz",
      "integrity": "sha512-uzoqv5IgntvBK08ducKYIZDeEoPYJBu2v8KZlrSJkRx3DM3KyGgs3S8Gyg2UVTDx+2/GPCCCp6Kew2dZekE+AQ=="
    }
  }
}
