{
  "requires": true,
  "lockfileVersion": 1,
  "dependencies": {
    "js_tutorial_palindrome": {
      "version": "0.3.1",
      "resolved": "https://registry.npmjs.org/js_tutorial_palindrome/-/js_tutorial_palindrome-0.3.1.tgz",
      "integrity": "sha512-B3hOuOuzsCIE4+AdsMej7RgsVEnYArNZtR9pT8rCw45L6ux12h1dIyWaL8f4MoH+D71xq6X16aMTSVm/PeoaUA=="
    }
  }
}
