{
  "requires": true,
  "lockfileVersion": 1,
  "dependencies": {
    "js_tutorial_palindrome": {
      "version": "0.4.1",
      "resolved": "https://registry.npmjs.org/js_tutorial_palindrome/-/js_tutorial_palindrome-0.4.1.tgz",
      "integrity": "sha512-kLRSUNfFo66h1J4e9Xe+BAKbyczbIFzZ2WpwG5cVOyz1Ay8Sa0L6rbU2/xuLcyZclsqX+zyBk0XBArUMWd6PCw=="
    }
  }
}
